
Microsoft Visual Studio Solution File, Format Version 12.00
# Visual Studio Version 16
VisualStudioVersion = 16.0.30114.105
MinimumVisualStudioVersion = 10.0.40219.1
Project("{FAE04EC0-301F-11D3-BF4B-00C04F79EFBC}") = "API", "API\API.csproj", "{F573FAE6-5690-4071-81D3-3141E4A958E1}"
EndProject
Project("{FAE04EC0-301F-11D3-BF4B-00C04F79EFBC}") = "Core", "Core\Core.csproj", "{1D9034F8-9D09-426A-9824-50EE703DAD8C}"
EndProject
Project("{FAE04EC0-301F-11D3-BF4B-00C04F79EFBC}") = "Infrastructure", "Infrastructure\Infrastructure.csproj", "{6FFA40DD-028A-41C1-B85D-DF6A51CE0833}"
EndProject
Global
	GlobalSection(SolutionConfigurationPlatforms) = preSolution
		Debug|Any CPU = Debug|Any CPU
		Debug|x64 = Debug|x64
		Debug|x86 = Debug|x86
		Release|Any CPU = Release|Any CPU
		Release|x64 = Release|x64
		Release|x86 = Release|x86
	EndGlobalSection
	GlobalSection(SolutionProperties) = preSolution
		HideSolutionNode = FALSE
	EndGlobalSection
	GlobalSection(ProjectConfigurationPlatforms) = postSolution
		{F573FAE6-5690-4071-81D3-3141E4A958E1}.Debug|Any CPU.ActiveCfg = Debug|Any CPU
		{F573FAE6-5690-4071-81D3-3141E4A958E1}.Debug|Any CPU.Build.0 = Debug|Any CPU
		{F573FAE6-5690-4071-81D3-3141E4A958E1}.Debug|x64.ActiveCfg = Debug|Any CPU
		{F573FAE6-5690-4071-81D3-3141E4A958E1}.Debug|x64.Build.0 = Debug|Any CPU
		{F573FAE6-5690-4071-81D3-3141E4A958E1}.Debug|x86.ActiveCfg = Debug|Any CPU
		{F573FAE6-5690-4071-81D3-3141E4A958E1}.Debug|x86.Build.0 = Debug|Any CPU
		{F573FAE6-5690-4071-81D3-3141E4A958E1}.Release|Any CPU.ActiveCfg = Release|Any CPU
		{F573FAE6-5690-4071-81D3-3141E4A958E1}.Release|Any CPU.Build.0 = Release|Any CPU
		{F573FAE6-5690-4071-81D3-3141E4A958E1}.Release|x64.ActiveCfg = Release|Any CPU
		{F573FAE6-5690-4071-81D3-3141E4A958E1}.Release|x64.Build.0 = Release|Any CPU
		{F573FAE6-5690-4071-81D3-3141E4A958E1}.Release|x86.ActiveCfg = Release|Any CPU
		{F573FAE6-5690-4071-81D3-3141E4A958E1}.Release|x86.Build.0 = Release|Any CPU
		{1D9034F8-9D09-426A-9824-50EE703DAD8C}.Debug|Any CPU.ActiveCfg = Debug|Any CPU
		{1D9034F8-9D09-426A-9824-50EE703DAD8C}.Debug|Any CPU.Build.0 = Debug|Any CPU
		{1D9034F8-9D09-426A-9824-50EE703DAD8C}.Debug|x64.ActiveCfg = Debug|Any CPU
		{1D9034F8-9D09-426A-9824-50EE703DAD8C}.Debug|x64.Build.0 = Debug|Any CPU
		{1D9034F8-9D09-426A-9824-50EE703DAD8C}.Debug|x86.ActiveCfg = Debug|Any CPU
		{1D9034F8-9D09-426A-9824-50EE703DAD8C}.Debug|x86.Build.0 = Debug|Any CPU
		{1D9034F8-9D09-426A-9824-50EE703DAD8C}.Release|Any CPU.ActiveCfg = Release|Any CPU
		{1D9034F8-9D09-426A-9824-50EE703DAD8C}.Release|Any CPU.Build.0 = Release|Any CPU
		{1D9034F8-9D09-426A-9824-50EE703DAD8C}.Release|x64.ActiveCfg = Release|Any CPU
		{1D9034F8-9D09-426A-9824-50EE703DAD8C}.Release|x64.Build.0 = Release|Any CPU
		{1D9034F8-9D09-426A-9824-50EE703DAD8C}.Release|x86.ActiveCfg = Release|Any CPU
		{1D9034F8-9D09-426A-9824-50EE703DAD8C}.Release|x86.Build.0 = Release|Any CPU
		{6FFA40DD-028A-41C1-B85D-DF6A51CE0833}.Debug|Any CPU.ActiveCfg = Debug|Any CPU
		{6FFA40DD-028A-41C1-B85D-DF6A51CE0833}.Debug|Any CPU.Build.0 = Debug|Any CPU
		{6FFA40DD-028A-41C1-B85D-DF6A51CE0833}.Debug|x64.ActiveCfg = Debug|Any CPU
		{6FFA40DD-028A-41C1-B85D-DF6A51CE0833}.Debug|x64.Build.0 = Debug|Any CPU
		{6FFA40DD-028A-41C1-B85D-DF6A51CE0833}.Debug|x86.ActiveCfg = Debug|Any CPU
		{6FFA40DD-028A-41C1-B85D-DF6A51CE0833}.Debug|x86.Build.0 = Debug|Any CPU
		{6FFA40DD-028A-41C1-B85D-DF6A51CE0833}.Release|Any CPU.ActiveCfg = Release|Any CPU
		{6FFA40DD-028A-41C1-B85D-DF6A51CE0833}.Release|Any CPU.Build.0 = Release|Any CPU
		{6FFA40DD-028A-41C1-B85D-DF6A51CE0833}.Release|x64.ActiveCfg = Release|Any CPU
		{6FFA40DD-028A-41C1-B85D-DF6A51CE0833}.Release|x64.Build.0 = Release|Any CPU
		{6FFA40DD-028A-41C1-B85D-DF6A51CE0833}.Release|x86.ActiveCfg = Release|Any CPU
		{6FFA40DD-028A-41C1-B85D-DF6A51CE0833}.Release|x86.Build.0 = Release|Any CPU
	EndGlobalSection
EndGlobal
